{
  "name": "@geo1088/eslint-config",
  "version": "3.0.10",
  "lockfileVersion": 1,
  "requires": true,
  "dependencies": {
    "eslint-plugin-new-with-error": {
      "version": "2.0.0",
      "resolved": "https://registry.npmjs.org/eslint-plugin-new-with-error/-/eslint-plugin-new-with-error-2.0.0.tgz",
      "integrity": "sha512-8jty4XD7/snyhyClvXaiy0V7fjFiJD0Vw9U4+ntXjcgqhgJjfN1xFMZDBrOObTfHLGCbyprZP2Sl30gjPXRcLw=="
    }
  }
}
